
Microsoft Visual Studio Solution File, Format Version 12.00
# Visual Studio 14
VisualStudioVersion = 14.0.25420.1
MinimumVisualStudioVersion = 10.0.40219.1
Project("{FAE04EC0-301F-11D3-BF4B-00C04F79EFBC}") = "Vehicles", "Vehicles\Vehicles.csproj", "{D5680BE5-F778-4E38-B436-2C3526B73B6E}"
EndProject
Project("{FAE04EC0-301F-11D3-BF4B-00C04F79EFBC}") = "WildFarm", "WildFarm\WildFarm.csproj", "{B04FF503-F3BC-417D-8862-21E953466794}"
EndProject
Global
	GlobalSection(SolutionConfigurationPlatforms) = preSolution
		Debug|Any CPU = Debug|Any CPU
		Release|Any CPU = Release|Any CPU
	EndGlobalSection
	GlobalSection(ProjectConfigurationPlatforms) = postSolution
		{D5680BE5-F778-4E38-B436-2C3526B73B6E}.Debug|Any CPU.ActiveCfg = Debug|Any CPU
		{D5680BE5-F778-4E38-B436-2C3526B73B6E}.Debug|Any CPU.Build.0 = Debug|Any CPU
		{D5680BE5-F778-4E38-B436-2C3526B73B6E}.Release|Any CPU.ActiveCfg = Release|Any CPU
		{D5680BE5-F778-4E38-B436-2C3526B73B6E}.Release|Any CPU.Build.0 = Release|Any CPU
		{B04FF503-F3BC-417D-8862-21E953466794}.Debug|Any CPU.ActiveCfg = Debug|Any CPU
		{B04FF503-F3BC-417D-8862-21E953466794}.Debug|Any CPU.Build.0 = Debug|Any CPU
		{B04FF503-F3BC-417D-8862-21E953466794}.Release|Any CPU.ActiveCfg = Release|Any CPU
		{B04FF503-F3BC-417D-8862-21E953466794}.Release|Any CPU.Build.0 = Release|Any CPU
	EndGlobalSection
	GlobalSection(SolutionProperties) = preSolution
		HideSolutionNode = FALSE
	EndGlobalSection
EndGlobal
