
Microsoft Visual Studio Solution File, Format Version 12.00
# Visual Studio 14
VisualStudioVersion = 14.0.25420.1
MinimumVisualStudioVersion = 10.0.40219.1
Project("{FAE04EC0-301F-11D3-BF4B-00C04F79EFBC}") = "Zoo", "Zoo\Zoo.csproj", "{D0FAEECD-512B-4538-B493-1AA394429FEC}"
EndProject
Project("{FAE04EC0-301F-11D3-BF4B-00C04F79EFBC}") = "StackOfStrings", "StackOfStrings\StackOfStrings.csproj", "{8219249C-C228-40D3-99BF-FB7FDA62AF9C}"
EndProject
Global
	GlobalSection(SolutionConfigurationPlatforms) = preSolution
		Debug|Any CPU = Debug|Any CPU
		Release|Any CPU = Release|Any CPU
	EndGlobalSection
	GlobalSection(ProjectConfigurationPlatforms) = postSolution
		{D0FAEECD-512B-4538-B493-1AA394429FEC}.Debug|Any CPU.ActiveCfg = Debug|Any CPU
		{D0FAEECD-512B-4538-B493-1AA394429FEC}.Debug|Any CPU.Build.0 = Debug|Any CPU
		{D0FAEECD-512B-4538-B493-1AA394429FEC}.Release|Any CPU.ActiveCfg = Release|Any CPU
		{D0FAEECD-512B-4538-B493-1AA394429FEC}.Release|Any CPU.Build.0 = Release|Any CPU
		{8219249C-C228-40D3-99BF-FB7FDA62AF9C}.Debug|Any CPU.ActiveCfg = Debug|Any CPU
		{8219249C-C228-40D3-99BF-FB7FDA62AF9C}.Debug|Any CPU.Build.0 = Debug|Any CPU
		{8219249C-C228-40D3-99BF-FB7FDA62AF9C}.Release|Any CPU.ActiveCfg = Release|Any CPU
		{8219249C-C228-40D3-99BF-FB7FDA62AF9C}.Release|Any CPU.Build.0 = Release|Any CPU
	EndGlobalSection
	GlobalSection(SolutionProperties) = preSolution
		HideSolutionNode = FALSE
	EndGlobalSection
EndGlobal
